
Microsoft Visual Studio Solution File, Format Version 12.00
# Visual Studio Version 17
VisualStudioVersion = 17.6.33801.468
MinimumVisualStudioVersion = 10.0.40219.1
Project("{FAE04EC0-301F-11D3-BF4B-00C04F79EFBC}") = "ProjetoBanco", "ProjetoBanco\ProjetoBanco.csproj", "{95FAF3CA-D938-4095-BE80-58F740303BAA}"
EndProject
Global
	GlobalSection(SolutionConfigurationPlatforms) = preSolution
		Debug|Any CPU = Debug|Any CPU
		Release|Any CPU = Release|Any CPU
	EndGlobalSection
	GlobalSection(ProjectConfigurationPlatforms) = postSolution
		{95FAF3CA-D938-4095-BE80-58F740303BAA}.Debug|Any CPU.ActiveCfg = Debug|Any CPU
		{95FAF3CA-D938-4095-BE80-58F740303BAA}.Debug|Any CPU.Build.0 = Debug|Any CPU
		{95FAF3CA-D938-4095-BE80-58F740303BAA}.Release|Any CPU.ActiveCfg = Release|Any CPU
		{95FAF3CA-D938-4095-BE80-58F740303BAA}.Release|Any CPU.Build.0 = Release|Any CPU
	EndGlobalSection
	GlobalSection(SolutionProperties) = preSolution
		HideSolutionNode = FALSE
	EndGlobalSection
	GlobalSection(ExtensibilityGlobals) = postSolution
		SolutionGuid = {774EAFBD-DF47-4EB3-94F0-32DEB1AC5A65}
	EndGlobalSection
EndGlobal
