
Microsoft Visual Studio Solution File, Format Version 12.00
# Visual Studio Version 17
VisualStudioVersion = 17.6.33801.468
MinimumVisualStudioVersion = 10.0.40219.1
Project("{FAE04EC0-301F-11D3-BF4B-00C04F79EFBC}") = "FiapDonationSystem", "FiapDonationSystem\FiapDonationSystem.csproj", "{C5E1714F-3394-4687-85CA-D9F8E89DEE6A}"
EndProject
Global
	GlobalSection(SolutionConfigurationPlatforms) = preSolution
		Debug|Any CPU = Debug|Any CPU
		Release|Any CPU = Release|Any CPU
	EndGlobalSection
	GlobalSection(ProjectConfigurationPlatforms) = postSolution
		{C5E1714F-3394-4687-85CA-D9F8E89DEE6A}.Debug|Any CPU.ActiveCfg = Debug|Any CPU
		{C5E1714F-3394-4687-85CA-D9F8E89DEE6A}.Debug|Any CPU.Build.0 = Debug|Any CPU
		{C5E1714F-3394-4687-85CA-D9F8E89DEE6A}.Release|Any CPU.ActiveCfg = Release|Any CPU
		{C5E1714F-3394-4687-85CA-D9F8E89DEE6A}.Release|Any CPU.Build.0 = Release|Any CPU
	EndGlobalSection
	GlobalSection(SolutionProperties) = preSolution
		HideSolutionNode = FALSE
	EndGlobalSection
	GlobalSection(ExtensibilityGlobals) = postSolution
		SolutionGuid = {20E7D53D-A05D-4442-A7FA-1F84B85F4D42}
	EndGlobalSection
EndGlobal
