
Microsoft Visual Studio Solution File, Format Version 12.00
# Visual Studio Version 17
VisualStudioVersion = 17.6.33801.468
MinimumVisualStudioVersion = 10.0.40219.1
Project("{FAE04EC0-301F-11D3-BF4B-00C04F79EFBC}") = "Aula 4 - Exercicios", "Aula 4 - Exercicios\Aula 4 - Exercicios.csproj", "{866B8E07-65DA-4F97-A3C3-9CB05980ED1A}"
EndProject
Global
	GlobalSection(SolutionConfigurationPlatforms) = preSolution
		Debug|Any CPU = Debug|Any CPU
		Release|Any CPU = Release|Any CPU
	EndGlobalSection
	GlobalSection(ProjectConfigurationPlatforms) = postSolution
		{866B8E07-65DA-4F97-A3C3-9CB05980ED1A}.Debug|Any CPU.ActiveCfg = Debug|Any CPU
		{866B8E07-65DA-4F97-A3C3-9CB05980ED1A}.Debug|Any CPU.Build.0 = Debug|Any CPU
		{866B8E07-65DA-4F97-A3C3-9CB05980ED1A}.Release|Any CPU.ActiveCfg = Release|Any CPU
		{866B8E07-65DA-4F97-A3C3-9CB05980ED1A}.Release|Any CPU.Build.0 = Release|Any CPU
	EndGlobalSection
	GlobalSection(SolutionProperties) = preSolution
		HideSolutionNode = FALSE
	EndGlobalSection
	GlobalSection(ExtensibilityGlobals) = postSolution
		SolutionGuid = {F1C1368A-CFDE-4F8C-A73A-0B8EDF568B61}
	EndGlobalSection
EndGlobal
